
Microsoft Visual Studio Solution File, Format Version 12.00
Project("{FAE04EC0-301F-11D3-BF4B-00C04F79EFBC}") = "Ecommerce.Domain.Tests", "Ecommerce.Domain.Tests\Ecommerce.Domain.Tests.csproj", "{70C68534-4395-4729-8606-FDD6C9F9389E}"
EndProject
Project("{2150E333-8FDC-42A3-9474-1A3956D46DE8}") = "Tests", "Tests", "{19A85C75-373F-473B-A20F-9447E8CB6527}"
EndProject
Project("{FAE04EC0-301F-11D3-BF4B-00C04F79EFBC}") = "Ecommerce.Common", "Ecommerce.Common\Ecommerce.Common.csproj", "{61D9E1BF-0DBA-4116-B1DA-B0A8DA8E0DBB}"
EndProject
Project("{FAE04EC0-301F-11D3-BF4B-00C04F79EFBC}") = "Ecommerce.Domain", "Ecommerce.Domain\Ecommerce.Domain.csproj", "{F00DD92C-6C0C-4643-A885-43F262CFAF24}"
EndProject
Project("{FAE04EC0-301F-11D3-BF4B-00C04F79EFBC}") = "Ecommerce.Data.Tests.Integration", "Ecommerce.Data.Tests.Integration\Ecommerce.Data.Tests.Integration.csproj", "{D7E57B42-5B97-4077-9D6D-59BAB34668ED}"
EndProject
Project("{FAE04EC0-301F-11D3-BF4B-00C04F79EFBC}") = "Ecommerce.Data.Tests", "Ecommerce.Data.Tests\Ecommerce.Data.Tests.csproj", "{E69B43F0-7E45-4560-9D9A-1AC3613A8595}"
EndProject
Project("{FAE04EC0-301F-11D3-BF4B-00C04F79EFBC}") = "Ecommerce.Data", "Ecommerce.Data\Ecommerce.Data.csproj", "{35FE8DC7-3FB3-4E6D-B08D-43C40116BBF0}"
EndProject
Project("{FAE04EC0-301F-11D3-BF4B-00C04F79EFBC}") = "Ecommerce.Api.Tests", "Ecommerce.Api.Tests\Ecommerce.Api.Tests.csproj", "{89AE9ABC-E51A-4513-ABEB-3E752477B7BF}"
EndProject
Project("{FAE04EC0-301F-11D3-BF4B-00C04F79EFBC}") = "Ecommerce.Api", "Ecommerce.Api\Ecommerce.Api.csproj", "{84303022-30BE-4C7F-A16E-06A623F5870B}"
EndProject
Global
	GlobalSection(SolutionConfigurationPlatforms) = preSolution
		Debug|Any CPU = Debug|Any CPU
		Release|Any CPU = Release|Any CPU
	EndGlobalSection
	GlobalSection(ProjectConfigurationPlatforms) = postSolution
		{70C68534-4395-4729-8606-FDD6C9F9389E}.Debug|Any CPU.ActiveCfg = Debug|Any CPU
		{70C68534-4395-4729-8606-FDD6C9F9389E}.Debug|Any CPU.Build.0 = Debug|Any CPU
		{70C68534-4395-4729-8606-FDD6C9F9389E}.Release|Any CPU.ActiveCfg = Release|Any CPU
		{70C68534-4395-4729-8606-FDD6C9F9389E}.Release|Any CPU.Build.0 = Release|Any CPU
		{61D9E1BF-0DBA-4116-B1DA-B0A8DA8E0DBB}.Debug|Any CPU.ActiveCfg = Debug|Any CPU
		{61D9E1BF-0DBA-4116-B1DA-B0A8DA8E0DBB}.Debug|Any CPU.Build.0 = Debug|Any CPU
		{61D9E1BF-0DBA-4116-B1DA-B0A8DA8E0DBB}.Release|Any CPU.ActiveCfg = Release|Any CPU
		{61D9E1BF-0DBA-4116-B1DA-B0A8DA8E0DBB}.Release|Any CPU.Build.0 = Release|Any CPU
		{F00DD92C-6C0C-4643-A885-43F262CFAF24}.Debug|Any CPU.ActiveCfg = Debug|Any CPU
		{F00DD92C-6C0C-4643-A885-43F262CFAF24}.Debug|Any CPU.Build.0 = Debug|Any CPU
		{F00DD92C-6C0C-4643-A885-43F262CFAF24}.Release|Any CPU.ActiveCfg = Release|Any CPU
		{F00DD92C-6C0C-4643-A885-43F262CFAF24}.Release|Any CPU.Build.0 = Release|Any CPU
		{D7E57B42-5B97-4077-9D6D-59BAB34668ED}.Debug|Any CPU.ActiveCfg = Debug|Any CPU
		{D7E57B42-5B97-4077-9D6D-59BAB34668ED}.Debug|Any CPU.Build.0 = Debug|Any CPU
		{D7E57B42-5B97-4077-9D6D-59BAB34668ED}.Release|Any CPU.ActiveCfg = Release|Any CPU
		{D7E57B42-5B97-4077-9D6D-59BAB34668ED}.Release|Any CPU.Build.0 = Release|Any CPU
		{E69B43F0-7E45-4560-9D9A-1AC3613A8595}.Debug|Any CPU.ActiveCfg = Debug|Any CPU
		{E69B43F0-7E45-4560-9D9A-1AC3613A8595}.Debug|Any CPU.Build.0 = Debug|Any CPU
		{E69B43F0-7E45-4560-9D9A-1AC3613A8595}.Release|Any CPU.ActiveCfg = Release|Any CPU
		{E69B43F0-7E45-4560-9D9A-1AC3613A8595}.Release|Any CPU.Build.0 = Release|Any CPU
		{35FE8DC7-3FB3-4E6D-B08D-43C40116BBF0}.Debug|Any CPU.ActiveCfg = Debug|Any CPU
		{35FE8DC7-3FB3-4E6D-B08D-43C40116BBF0}.Debug|Any CPU.Build.0 = Debug|Any CPU
		{35FE8DC7-3FB3-4E6D-B08D-43C40116BBF0}.Release|Any CPU.ActiveCfg = Release|Any CPU
		{35FE8DC7-3FB3-4E6D-B08D-43C40116BBF0}.Release|Any CPU.Build.0 = Release|Any CPU
		{89AE9ABC-E51A-4513-ABEB-3E752477B7BF}.Debug|Any CPU.ActiveCfg = Debug|Any CPU
		{89AE9ABC-E51A-4513-ABEB-3E752477B7BF}.Debug|Any CPU.Build.0 = Debug|Any CPU
		{89AE9ABC-E51A-4513-ABEB-3E752477B7BF}.Release|Any CPU.ActiveCfg = Release|Any CPU
		{89AE9ABC-E51A-4513-ABEB-3E752477B7BF}.Release|Any CPU.Build.0 = Release|Any CPU
		{84303022-30BE-4C7F-A16E-06A623F5870B}.Debug|Any CPU.ActiveCfg = Debug|Any CPU
		{84303022-30BE-4C7F-A16E-06A623F5870B}.Debug|Any CPU.Build.0 = Debug|Any CPU
		{84303022-30BE-4C7F-A16E-06A623F5870B}.Release|Any CPU.ActiveCfg = Release|Any CPU
		{84303022-30BE-4C7F-A16E-06A623F5870B}.Release|Any CPU.Build.0 = Release|Any CPU
	EndGlobalSection
	GlobalSection(NestedProjects) = preSolution
		{70C68534-4395-4729-8606-FDD6C9F9389E} = {19A85C75-373F-473B-A20F-9447E8CB6527}
		{D7E57B42-5B97-4077-9D6D-59BAB34668ED} = {19A85C75-373F-473B-A20F-9447E8CB6527}
		{E69B43F0-7E45-4560-9D9A-1AC3613A8595} = {19A85C75-373F-473B-A20F-9447E8CB6527}
		{89AE9ABC-E51A-4513-ABEB-3E752477B7BF} = {19A85C75-373F-473B-A20F-9447E8CB6527}
	EndGlobalSection
EndGlobal
